
Microsoft Visual Studio Solution File, Format Version 12.00
# Visual Studio Version 17
VisualStudioVersion = 17.3.32922.545
MinimumVisualStudioVersion = 10.0.40219.1
Project("{8BC9CEB8-8B4A-11D0-8D11-00A0C91BC942}") = "LR4.7", "LR4.7\LR4.7.vcxproj", "{A2A29BA3-B265-4A50-AAFD-C722BC5609C6}"
EndProject
Global
	GlobalSection(SolutionConfigurationPlatforms) = preSolution
		Debug|x64 = Debug|x64
		Debug|x86 = Debug|x86
		Release|x64 = Release|x64
		Release|x86 = Release|x86
	EndGlobalSection
	GlobalSection(ProjectConfigurationPlatforms) = postSolution
		{A2A29BA3-B265-4A50-AAFD-C722BC5609C6}.Debug|x64.ActiveCfg = Debug|x64
		{A2A29BA3-B265-4A50-AAFD-C722BC5609C6}.Debug|x64.Build.0 = Debug|x64
		{A2A29BA3-B265-4A50-AAFD-C722BC5609C6}.Debug|x86.ActiveCfg = Debug|Win32
		{A2A29BA3-B265-4A50-AAFD-C722BC5609C6}.Debug|x86.Build.0 = Debug|Win32
		{A2A29BA3-B265-4A50-AAFD-C722BC5609C6}.Release|x64.ActiveCfg = Release|x64
		{A2A29BA3-B265-4A50-AAFD-C722BC5609C6}.Release|x64.Build.0 = Release|x64
		{A2A29BA3-B265-4A50-AAFD-C722BC5609C6}.Release|x86.ActiveCfg = Release|Win32
		{A2A29BA3-B265-4A50-AAFD-C722BC5609C6}.Release|x86.Build.0 = Release|Win32
	EndGlobalSection
	GlobalSection(SolutionProperties) = preSolution
		HideSolutionNode = FALSE
	EndGlobalSection
	GlobalSection(ExtensibilityGlobals) = postSolution
		SolutionGuid = {8055456B-9F07-45A4-BF39-83A8ECFEDF1D}
	EndGlobalSection
EndGlobal
